<?xml version="1.0" encoding="utf-8"?>
<Project ToolsVersion="4.0" xmlns="http://schemas.microsoft.com/developer/msbuild/2003">
  <ItemGroup>
    <Filter Include="Source Files">
      <UniqueIdentifier>{4FC737F1-C7A5-4376-A066-2A32D752A2FF}</UniqueIdentifier>
      <Extensions>cpp;c;cc;cxx;def;odl;idl;hpj;bat;asm;asmx</Extensions>
    </Filter>
    <Filter Include="Header Files">
      <UniqueIdentifier>{93995380-89BD-4b04-88EB-625FBE52EBFB}</UniqueIdentifier>
      <Extensions>h;hpp;hxx;hm;inl;inc;xsd</Extensions>
    </Filter>
    <Filter Include="Resource Files">
      <UniqueIdentifier>{67DA6AB6-F800-4c08-8B7A-83BB121AAD01}</UniqueIdentifier>
      <Extensions>rc;ico;cur;bmp;dlg;rc2;rct;bin;rgs;gif;jpg;jpeg;jpe;resx;tiff;tif;png;wav;mfcribbon-ms</Extensions>
    </Filter>
  </ItemGroup>
  <ItemGroup>
    <ClCompile Include="main.cpp">
      <Filter>Source Files</Filter>
    </ClCompile>
    <ClCompile Include="BaseGameEntity.cpp">
      <Filter>Source Files</Filter>
    </ClCompile>
    <ClCompile Include="MovingEntity.cpp">
      <Filter>Source Files</Filter>
    </ClCompile>
    <ClCompile Include="Agent.cpp">
      <Filter>Source Files</Filter>
    </ClCompile>
    <ClCompile Include="SoccerGame.cpp">
      <Filter>Source Files</Filter>
    </ClCompile>
    <ClCompile Include="Players.cpp">
      <Filter>Source Files</Filter>
    </ClCompile>
    <ClCompile Include="Teams.cpp">
      <Filter>Source Files</Filter>
    </ClCompile>
    <ClCompile Include="SoccerBall.cpp">
      <Filter>Source Files</Filter>
    </ClCompile>
    <ClCompile Include="GoalPosts.cpp">
      <Filter>Source Files</Filter>
    </ClCompile>
    <ClCompile Include="Attack.cpp">
      <Filter>Source Files</Filter>
    </ClCompile>
    <ClCompile Include="GoalKeeper.cpp">
      <Filter>Source Files</Filter>
    </ClCompile>
    <ClCompile Include="FieldPlayers.cpp">
      <Filter>Source Files</Filter>
    </ClCompile>
    <ClCompile Include="FieldPlayersState.cpp">
      <Filter>Source Files</Filter>
    </ClCompile>
    <ClCompile Include="MyRect.cpp">
      <Filter>Source Files</Filter>
    </ClCompile>
  </ItemGroup>
  <ItemGroup>
    <ClInclude Include="BaseGameEntity.h">
      <Filter>Header Files</Filter>
    </ClInclude>
    <ClInclude Include="MovingEntity.h">
      <Filter>Header Files</Filter>
    </ClInclude>
    <ClInclude Include="Agent.h">
      <Filter>Header Files</Filter>
    </ClInclude>
    <ClInclude Include="BaseGame.h">
      <Filter>Header Files</Filter>
    </ClInclude>
    <ClInclude Include="Constants.h">
      <Filter>Header Files</Filter>
    </ClInclude>
    <ClInclude Include="SoccerGame.h">
      <Filter>Header Files</Filter>
    </ClInclude>
    <ClInclude Include="Players.h">
      <Filter>Header Files</Filter>
    </ClInclude>
    <ClInclude Include="Teams.h">
      <Filter>Header Files</Filter>
    </ClInclude>
    <ClInclude Include="SoccerBall.h">
      <Filter>Header Files</Filter>
    </ClInclude>
    <ClInclude Include="GoalPosts.h">
      <Filter>Header Files</Filter>
    </ClInclude>
    <ClInclude Include="State.h">
      <Filter>Header Files</Filter>
    </ClInclude>
    <ClInclude Include="StateMachine.h">
      <Filter>Header Files</Filter>
    </ClInclude>
    <ClInclude Include="Attack.h">
      <Filter>Header Files</Filter>
    </ClInclude>
    <ClInclude Include="GoalKeeper.h">
      <Filter>Header Files</Filter>
    </ClInclude>
    <ClInclude Include="FieldPlayers.h">
      <Filter>Header Files</Filter>
    </ClInclude>
    <ClInclude Include="FieldPlayersState.h">
      <Filter>Header Files</Filter>
    </ClInclude>
    <ClInclude Include="MyRect.h">
      <Filter>Header Files</Filter>
    </ClInclude>
  </ItemGroup>
</Project>